
Microsoft Visual Studio Solution File, Format Version 12.00
# Visual Studio Version 16
VisualStudioVersion = 16.0.28803.352
MinimumVisualStudioVersion = 10.0.40219.1
Project("{FAE04EC0-301F-11D3-BF4B-00C04F79EFBC}") = "COMP123-S2019-Lab10-301017727", "multiple_forms\COMP123-S2019-Lab10-301017727.csproj", "{02659040-6DA4-4164-AC39-A7418A0F5E37}"
EndProject
Global
	GlobalSection(SolutionConfigurationPlatforms) = preSolution
		Debug|Any CPU = Debug|Any CPU
		Release|Any CPU = Release|Any CPU
	EndGlobalSection
	GlobalSection(ProjectConfigurationPlatforms) = postSolution
		{02659040-6DA4-4164-AC39-A7418A0F5E37}.Debug|Any CPU.ActiveCfg = Debug|Any CPU
		{02659040-6DA4-4164-AC39-A7418A0F5E37}.Debug|Any CPU.Build.0 = Debug|Any CPU
		{02659040-6DA4-4164-AC39-A7418A0F5E37}.Release|Any CPU.ActiveCfg = Release|Any CPU
		{02659040-6DA4-4164-AC39-A7418A0F5E37}.Release|Any CPU.Build.0 = Release|Any CPU
	EndGlobalSection
	GlobalSection(SolutionProperties) = preSolution
		HideSolutionNode = FALSE
	EndGlobalSection
	GlobalSection(ExtensibilityGlobals) = postSolution
		SolutionGuid = {8D2D56CB-76FA-4FD8-B8CF-880880AD8F64}
	EndGlobalSection
EndGlobal
